
Microsoft Visual Studio Solution File, Format Version 12.00
# Visual Studio Version 16
VisualStudioVersion = 16.0.30320.27
MinimumVisualStudioVersion = 10.0.40219.1
Project("{FAE04EC0-301F-11D3-BF4B-00C04F79EFBC}") = "StudentsLibrary", "StydentsLibrary\StudentsLibrary.csproj", "{FB4E4796-8003-49D2-82FF-F0A7D6AD317A}"
EndProject
Project("{FAE04EC0-301F-11D3-BF4B-00C04F79EFBC}") = "StudentUnitTest", "StudentUnitTest\StudentUnitTest.csproj", "{035BE338-955F-468A-BB78-74408D24DBAB}"
EndProject
Global
	GlobalSection(SolutionConfigurationPlatforms) = preSolution
		Debug|Any CPU = Debug|Any CPU
		Release|Any CPU = Release|Any CPU
	EndGlobalSection
	GlobalSection(ProjectConfigurationPlatforms) = postSolution
		{FB4E4796-8003-49D2-82FF-F0A7D6AD317A}.Debug|Any CPU.ActiveCfg = Debug|Any CPU
		{FB4E4796-8003-49D2-82FF-F0A7D6AD317A}.Debug|Any CPU.Build.0 = Debug|Any CPU
		{FB4E4796-8003-49D2-82FF-F0A7D6AD317A}.Release|Any CPU.ActiveCfg = Release|Any CPU
		{FB4E4796-8003-49D2-82FF-F0A7D6AD317A}.Release|Any CPU.Build.0 = Release|Any CPU
		{035BE338-955F-468A-BB78-74408D24DBAB}.Debug|Any CPU.ActiveCfg = Debug|Any CPU
		{035BE338-955F-468A-BB78-74408D24DBAB}.Debug|Any CPU.Build.0 = Debug|Any CPU
		{035BE338-955F-468A-BB78-74408D24DBAB}.Release|Any CPU.ActiveCfg = Release|Any CPU
		{035BE338-955F-468A-BB78-74408D24DBAB}.Release|Any CPU.Build.0 = Release|Any CPU
	EndGlobalSection
	GlobalSection(SolutionProperties) = preSolution
		HideSolutionNode = FALSE
	EndGlobalSection
	GlobalSection(ExtensibilityGlobals) = postSolution
		SolutionGuid = {4B8075AB-513C-4F1D-8099-7AF42CF90479}
	EndGlobalSection
EndGlobal
